{
  "name": "dustyschool-7.1-usefull-node.js-module",
  "version": "1.0.0",
  "lockfileVersion": 3,
  "requires": true,
  "packages": {
    "": {
      "name": "dustyschool-7.1-usefull-node.js-module",
      "version": "1.0.0",
      "license": "ISC",
      "dependencies": {
        "dotenv": "16.4.1",
        "env": "0.0.2",
        "valuetotype-module": "1.0.1"
      }
    },
    "node_modules/dotenv": {
      "version": "16.4.1",
      "resolved": "https://registry.npmjs.org/dotenv/-/dotenv-16.4.1.tgz",
      "integrity": "sha512-CjA3y+Dr3FyFDOAMnxZEGtnW9KBR2M0JvvUtXNW+dYJL5ROWxP9DUHCwgFqpMk0OXCc0ljhaNTr2w/kutYIcHQ==",
      "engines": {
        "node": ">=12"
      },
      "funding": {
        "url": "https://github.com/motdotla/dotenv?sponsor=1"
      }
    },
    "node_modules/env": {
      "version": "0.0.2",
      "resolved": "https://registry.npmjs.org/env/-/env-0.0.2.tgz",
      "integrity": "sha512-yP8LfjO4ughSHD/3HgLPinWzexmaOGvRfs2TFx0SZhOm7j1xPi9evjuGcLiNVHIGLmcsgMak4eDbBzlYqGIVxw==",
      "engines": {
        "node": ">= 0.5.9"
      }
    },
    "node_modules/valuetotype-module": {
      "version": "1.0.1",
      "resolved": "https://registry.npmjs.org/valuetotype-module/-/valuetotype-module-1.0.1.tgz",
      "integrity": "sha512-eA1tLV6aq5uO50lPP5oeiFdjKctEYTLD3S6k8q55dfzGFtK+pxxUPnDOLkV8ixdskpl5XUI5zYt7ab0cEiTUjQ=="
    }
  }
}
